// !$*UTF8*$!
{
	archiveVersion = 1;
	classes = {
	};
	objectVersion = 48;
	objects = {

/* Begin PBXBuildFile section */
		D5D387B41FE34C2400C12C14 /* AppDelegate.swift in Sources */ = {isa = PBXBuildFile; fileRef = D5D387B31FE34C2400C12C14 /* AppDelegate.swift */; };
		D5D387B61FE34C2400C12C14 /* ViewController.swift in Sources */ = {isa = PBXBuildFile; fileRef = D5D387B51FE34C2400C12C14 /* ViewController.swift */; };
		D5D387B91FE34C2400C12C14 /* Main.storyboard in Resources */ = {isa = PBXBuildFile; fileRef = D5D387B71FE34C2400C12C14 /* Main.storyboard */; };
		D5D387BB1FE34C2400C12C14 /* Assets.xcassets in Resources */ = {isa = PBXBuildFile; fileRef = D5D387BA1FE34C2400C12C14 /* Assets.xcassets */; };
		D5D387BE1FE34C2400C12C14 /* LaunchScreen.storyboard in Resources */ = {isa = PBXBuildFile; fileRef = D5D387BC1FE34C2400C12C14 /* LaunchScreen.storyboard */; };
		D5D387C91FE34C2400C12C14 /* kitmission1Tests.swift in Sources */ = {isa = PBXBuildFile; fileRef = D5D387C81FE34C2400C12C14 /* kitmission1Tests.swift */; };
		D5D387D41FE34C2400C12C14 /* kitmission1UITests.swift in Sources */ = {isa = PBXBuildFile; fileRef = D5D387D31FE34C2400C12C14 /* kitmission1UITests.swift */; };
/* End PBXBuildFile section */

/* Begin PBXContainerItemProxy section */
		D5D387C51FE34C2400C12C14 /* PBXContainerItemProxy */ = {
			isa = PBXContainerItemProxy;
			containerPortal = D5D387A81FE34C2400C12C14 /* Project object */;
			proxyType = 1;
			remoteGlobalIDString = D5D387AF1FE34C2400C12C14;
			remoteInfo = kitmission1;
		};
		D5D387D01FE34C2400C12C14 /* PBXContainerItemProxy */ = {
			isa = PBXContainerItemProxy;
			containerPortal = D5D387A81FE34C2400C12C14 /* Project object */;
			proxyType = 1;
			remoteGlobalIDString = D5D387AF1FE34C2400C12C14;
			remoteInfo = kitmission1;
		};
/* End PBXContainerItemProxy section */

/* Begin PBXFileReference section */
		D5D387B01FE34C2400C12C14 /* kitmission1.app */ = {isa = PBXFileReference; explicitFileType = wrapper.application; includeInIndex = 0; path = kitmission1.app; sourceTree = BUILT_PRODUCTS_DIR; };
		D5D387B31FE34C2400C12C14 /* AppDelegate.swift */ = {isa = PBXFileReference; lastKnownFileType = sourcecode.swift; path = AppDelegate.swift; sourceTree = "<group>"; };
		D5D387B51FE34C2400C12C14 /* ViewController.swift */ = {isa = PBXFileReference; lastKnownFileType = sourcecode.swift; path = ViewController.swift; sourceTree = "<group>"; };
		D5D387B81FE34C2400C12C14 /* Base */ = {isa = PBXFileReference; lastKnownFileType = file.storyboard; name = Base; path = Base.lproj/Main.storyboard; sourceTree = "<group>"; };
		D5D387BA1FE34C2400C12C14 /* Assets.xcassets */ = {isa = PBXFileReference; lastKnownFileType = folder.assetcatalog; path = Assets.xcassets; sourceTree = "<group>"; };
		D5D387BD1FE34C2400C12C14 /* Base */ = {isa = PBXFileReference; lastKnownFileType = file.storyboard; name = Base; path = Base.lproj/LaunchScreen.storyboard; sourceTree = "<group>"; };
		D5D387BF1FE34C2400C12C14 /* Info.plist */ = {isa = PBXFileReference; lastKnownFileType = text.plist.xml; path = Info.plist; sourceTree = "<group>"; };
		D5D387C41FE34C2400C12C14 /* kitmission1Tests.xctest */ = {isa = PBXFileReference; explicitFileType = wrapper.cfbundle; includeInIndex = 0; path = kitmission1Tests.xctest; sourceTree = BUILT_PRODUCTS_DIR; };
		D5D387C81FE34C2400C12C14 /* kitmission1Tests.swift */ = {isa = PBXFileReference; lastKnownFileType = sourcecode.swift; path = kitmission1Tests.swift; sourceTree = "<group>"; };
		D5D387CA1FE34C2400C12C14 /* Info.plist */ = {isa = PBXFileReference; lastKnownFileType = text.plist.xml; path = Info.plist; sourceTree = "<group>"; };
		D5D387CF1FE34C2400C12C14 /* kitmission1UITests.xctest */ = {isa = PBXFileReference; explicitFileType = wrapper.cfbundle; includeInIndex = 0; path = kitmission1UITests.xctest; sourceTree = BUILT_PRODUCTS_DIR; };
		D5D387D31FE34C2400C12C14 /* kitmission1UITests.swift */ = {isa = PBXFileReference; lastKnownFileType = sourcecode.swift; path = kitmission1UITests.swift; sourceTree = "<group>"; };
		D5D387D51FE34C2400C12C14 /* Info.plist */ = {isa = PBXFileReference; lastKnownFileType = text.plist.xml; path = Info.plist; sourceTree = "<group>"; };
/* End PBXFileReference section */

/* Begin PBXFrameworksBuildPhase section */
		D5D387AD1FE34C2400C12C14 /* Frameworks */ = {
			isa = PBXFrameworksBuildPhase;
			buildActionMask = 2147483647;
			files = (
			);
			runOnlyForDeploymentPostprocessing = 0;
		};
		D5D387C11FE34C2400C12C14 /* Frameworks */ = {
			isa = PBXFrameworksBuildPhase;
			buildActionMask = 2147483647;
			files = (
			);
			runOnlyForDeploymentPostprocessing = 0;
		};
		D5D387CC1FE34C2400C12C14 /* Frameworks */ = {
			isa = PBXFrameworksBuildPhase;
			buildActionMask = 2147483647;
			files = (
			);
			runOnlyForDeploymentPostprocessing = 0;
		};
/* End PBXFrameworksBuildPhase section */

/* Begin PBXGroup section */
		D5D387A71FE34C2400C12C14 = {
			isa = PBXGroup;
			children = (
				D5D387B21FE34C2400C12C14 /* kitmission1 */,
				D5D387C71FE34C2400C12C14 /* kitmission1Tests */,
				D5D387D21FE34C2400C12C14 /* kitmission1UITests */,
				D5D387B11FE34C2400C12C14 /* Products */,
			);
			sourceTree = "<group>";
		};
		D5D387B11FE34C2400C12C14 /* Products */ = {
			isa = PBXGroup;
			children = (
				D5D387B01FE34C2400C12C14 /* kitmission1.app */,
				D5D387C41FE34C2400C12C14 /* kitmission1Tests.xctest */,
				D5D387CF1FE34C2400C12C14 /* kitmission1UITests.xctest */,
			);
			name = Products;
			sourceTree = "<group>";
		};
		D5D387B21FE34C2400C12C14 /* kitmission1 */ = {
			isa = PBXGroup;
			children = (
				D5D387B31FE34C2400C12C14 /* AppDelegate.swift */,
				D5D387B51FE34C2400C12C14 /* ViewController.swift */,
				D5D387B71FE34C2400C12C14 /* Main.storyboard */,
				D5D387BA1FE34C2400C12C14 /* Assets.xcassets */,
				D5D387BC1FE34C2400C12C14 /* LaunchScreen.storyboard */,
				D5D387BF1FE34C2400C12C14 /* Info.plist */,
			);
			path = kitmission1;
			sourceTree = "<group>";
		};
		D5D387C71FE34C2400C12C14 /* kitmission1Tests */ = {
			isa = PBXGroup;
			children = (
				D5D387C81FE34C2400C12C14 /* kitmission1Tests.swift */,
				D5D387CA1FE34C2400C12C14 /* Info.plist */,
			);
			path = kitmission1Tests;
			sourceTree = "<group>";
		};
		D5D387D21FE34C2400C12C14 /* kitmission1UITests */ = {
			isa = PBXGroup;
			children = (
				D5D387D31FE34C2400C12C14 /* kitmission1UITests.swift */,
				D5D387D51FE34C2400C12C14 /* Info.plist */,
			);
			path = kitmission1UITests;
			sourceTree = "<group>";
		};
/* End PBXGroup section */

/* Begin PBXNativeTarget section */
		D5D387AF1FE34C2400C12C14 /* kitmission1 */ = {
			isa = PBXNativeTarget;
			buildConfigurationList = D5D387D81FE34C2400C12C14 /* Build configuration list for PBXNativeTarget "kitmission1" */;
			buildPhases = (
				D5D387AC1FE34C2400C12C14 /* Sources */,
				D5D387AD1FE34C2400C12C14 /* Frameworks */,
				D5D387AE1FE34C2400C12C14 /* Resources */,
			);
			buildRules = (
			);
			dependencies = (
			);
			name = kitmission1;
			productName = kitmission1;
			productReference = D5D387B01FE34C2400C12C14 /* kitmission1.app */;
			productType = "com.apple.product-type.application";
		};
		D5D387C31FE34C2400C12C14 /* kitmission1Tests */ = {
			isa = PBXNativeTarget;
			buildConfigurationList = D5D387DB1FE34C2400C12C14 /* Build configuration list for PBXNativeTarget "kitmission1Tests" */;
			buildPhases = (
				D5D387C01FE34C2400C12C14 /* Sources */,
				D5D387C11FE34C2400C12C14 /* Frameworks */,
				D5D387C21FE34C2400C12C14 /* Resources */,
			);
			buildRules = (
			);
			dependencies = (
				D5D387C61FE34C2400C12C14 /* PBXTargetDependency */,
			);
			name = kitmission1Tests;
			productName = kitmission1Tests;
			productReference = D5D387C41FE34C2400C12C14 /* kitmission1Tests.xctest */;
			productType = "com.apple.product-type.bundle.unit-test";
		};
		D5D387CE1FE34C2400C12C14 /* kitmission1UITests */ = {
			isa = PBXNativeTarget;
			buildConfigurationList = D5D387DE1FE34C2400C12C14 /* Build configuration list for PBXNativeTarget "kitmission1UITests" */;
			buildPhases = (
				D5D387CB1FE34C2400C12C14 /* Sources */,
				D5D387CC1FE34C2400C12C14 /* Frameworks */,
				D5D387CD1FE34C2400C12C14 /* Resources */,
			);
			buildRules = (
			);
			dependencies = (
				D5D387D11FE34C2400C12C14 /* PBXTargetDependency */,
			);
			name = kitmission1UITests;
			productName = kitmission1UITests;
			productReference = D5D387CF1FE34C2400C12C14 /* kitmission1UITests.xctest */;
			productType = "com.apple.product-type.bundle.ui-testing";
		};
/* End PBXNativeTarget section */

/* Begin PBXProject section */
		D5D387A81FE34C2400C12C14 /* Project object */ = {
			isa = PBXProject;
			attributes = {
				LastSwiftUpdateCheck = 0910;
				LastUpgradeCheck = 0910;
				ORGANIZATIONNAME = yodaaa;
				TargetAttributes = {
					D5D387AF1FE34C2400C12C14 = {
						CreatedOnToolsVersion = 9.1;
						ProvisioningStyle = Automatic;
					};
					D5D387C31FE34C2400C12C14 = {
						CreatedOnToolsVersion = 9.1;
						ProvisioningStyle = Automatic;
						TestTargetID = D5D387AF1FE34C2400C12C14;
					};
					D5D387CE1FE34C2400C12C14 = {
						CreatedOnToolsVersion = 9.1;
						ProvisioningStyle = Automatic;
						TestTargetID = D5D387AF1FE34C2400C12C14;
					};
				};
			};
			buildConfigurationList = D5D387AB1FE34C2400C12C14 /* Build configuration list for PBXProject "kitmission1" */;
			compatibilityVersion = "Xcode 8.0";
			developmentRegion = en;
			hasScannedForEncodings = 0;
			knownRegions = (
				en,
				Base,
			);
			mainGroup = D5D387A71FE34C2400C12C14;
			productRefGroup = D5D387B11FE34C2400C12C14 /* Products */;
			projectDirPath = "";
			projectRoot = "";
			targets = (
				D5D387AF1FE34C2400C12C14 /* kitmission1 */,
				D5D387C31FE34C2400C12C14 /* kitmission1Tests */,
				D5D387CE1FE34C2400C12C14 /* kitmission1UITests */,
			);
		};
/* End PBXProject section */

/* Begin PBXResourcesBuildPhase section */
		D5D387AE1FE34C2400C12C14 /* Resources */ = {
			isa = PBXResourcesBuildPhase;
			buildActionMask = 2147483647;
			files = (
				D5D387BE1FE34C2400C12C14 /* LaunchScreen.storyboard in Resources */,
				D5D387BB1FE34C2400C12C14 /* Assets.xcassets in Resources */,
				D5D387B91FE34C2400C12C14 /* Main.storyboard in Resources */,
			);
			runOnlyForDeploymentPostprocessing = 0;
		};
		D5D387C21FE34C2400C12C14 /* Resources */ = {
			isa = PBXResourcesBuildPhase;
			buildActionMask = 2147483647;
			files = (
			);
			runOnlyForDeploymentPostprocessing = 0;
		};
		D5D387CD1FE34C2400C12C14 /* Resources */ = {
			isa = PBXResourcesBuildPhase;
			buildActionMask = 2147483647;
			files = (
			);
			runOnlyForDeploymentPostprocessing = 0;
		};
/* End PBXResourcesBuildPhase section */

/* Begin PBXSourcesBuildPhase section */
		D5D387AC1FE34C2400C12C14 /* Sources */ = {
			isa = PBXSourcesBuildPhase;
			buildActionMask = 2147483647;
			files = (
				D5D387B61FE34C2400C12C14 /* ViewController.swift in Sources */,
				D5D387B41FE34C2400C12C14 /* AppDelegate.swift in Sources */,
			);
			runOnlyForDeploymentPostprocessing = 0;
		};
		D5D387C01FE34C2400C12C14 /* Sources */ = {
			isa = PBXSourcesBuildPhase;
			buildActionMask = 2147483647;
			files = (
				D5D387C91FE34C2400C12C14 /* kitmission1Tests.swift in Sources */,
			);
			runOnlyForDeploymentPostprocessing = 0;
		};
		D5D387CB1FE34C2400C12C14 /* Sources */ = {
			isa = PBXSourcesBuildPhase;
			buildActionMask = 2147483647;
			files = (
				D5D387D41FE34C2400C12C14 /* kitmission1UITests.swift in Sources */,
			);
			runOnlyForDeploymentPostprocessing = 0;
		};
/* End PBXSourcesBuildPhase section */

/* Begin PBXTargetDependency section */
		D5D387C61FE34C2400C12C14 /* PBXTargetDependency */ = {
			isa = PBXTargetDependency;
			target = D5D387AF1FE34C2400C12C14 /* kitmission1 */;
			targetProxy = D5D387C51FE34C2400C12C14 /* PBXContainerItemProxy */;
		};
		D5D387D11FE34C2400C12C14 /* PBXTargetDependency */ = {
			isa = PBXTargetDependency;
			target = D5D387AF1FE34C2400C12C14 /* kitmission1 */;
			targetProxy = D5D387D01FE34C2400C12C14 /* PBXContainerItemProxy */;
		};
/* End PBXTargetDependency section */

/* Begin PBXVariantGroup section */
		D5D387B71FE34C2400C12C14 /* Main.storyboard */ = {
			isa = PBXVariantGroup;
			children = (
				D5D387B81FE34C2400C12C14 /* Base */,
			);
			name = Main.storyboard;
			sourceTree = "<group>";
		};
		D5D387BC1FE34C2400C12C14 /* LaunchScreen.storyboard */ = {
			isa = PBXVariantGroup;
			children = (
				D5D387BD1FE34C2400C12C14 /* Base */,
			);
			name = LaunchScreen.storyboard;
			sourceTree = "<group>";
		};
/* End PBXVariantGroup section */

/* Begin XCBuildConfiguration section */
		D5D387D61FE34C2400C12C14 /* Debug */ = {
			isa = XCBuildConfiguration;
			buildSettings = {
				ALWAYS_SEARCH_USER_PATHS = NO;
				CLANG_ANALYZER_NONNULL = YES;
				CLANG_ANALYZER_NUMBER_OBJECT_CONVERSION = YES_AGGRESSIVE;
				CLANG_CXX_LANGUAGE_STANDARD = "gnu++14";
				CLANG_CXX_LIBRARY = "libc++";
				CLANG_ENABLE_MODULES = YES;
				CLANG_ENABLE_OBJC_ARC = YES;
				CLANG_WARN_BLOCK_CAPTURE_AUTORELEASING = YES;
				CLANG_WARN_BOOL_CONVERSION = YES;
				CLANG_WARN_COMMA = YES;
				CLANG_WARN_CONSTANT_CONVERSION = YES;
				CLANG_WARN_DIRECT_OBJC_ISA_USAGE = YES_ERROR;
				CLANG_WARN_DOCUMENTATION_COMMENTS = YES;
				CLANG_WARN_EMPTY_BODY = YES;
				CLANG_WARN_ENUM_CONVERSION = YES;
				CLANG_WARN_INFINITE_RECURSION = YES;
				CLANG_WARN_INT_CONVERSION = YES;
				CLANG_WARN_NON_LITERAL_NULL_CONVERSION = YES;
				CLANG_WARN_OBJC_LITERAL_CONVERSION = YES;
				CLANG_WARN_OBJC_ROOT_CLASS = YES_ERROR;
				CLANG_WARN_RANGE_LOOP_ANALYSIS = YES;
				CLANG_WARN_STRICT_PROTOTYPES = YES;
				CLANG_WARN_SUSPICIOUS_MOVE = YES;
				CLANG_WARN_UNGUARDED_AVAILABILITY = YES_AGGRESSIVE;
				CLANG_WARN_UNREACHABLE_CODE = YES;
				CLANG_WARN__DUPLICATE_METHOD_MATCH = YES;
				CODE_SIGN_IDENTITY = "iPhone Developer";
				COPY_PHASE_STRIP = NO;
				DEBUG_INFORMATION_FORMAT = dwarf;
				ENABLE_STRICT_OBJC_MSGSEND = YES;
				ENABLE_TESTABILITY = YES;
				GCC_C_LANGUAGE_STANDARD = gnu11;
				GCC_DYNAMIC_NO_PIC = NO;
				GCC_NO_COMMON_BLOCKS = YES;
				GCC_OPTIMIZATION_LEVEL = 0;
				GCC_PREPROCESSOR_DEFINITIONS = (
					"DEBUG=1",
					"$(inherited)",
				);
				GCC_WARN_64_TO_32_BIT_CONVERSION = YES;
				GCC_WARN_ABOUT_RETURN_TYPE = YES_ERROR;
				GCC_WARN_UNDECLARED_SELECTOR = YES;
				GCC_WARN_UNINITIALIZED_AUTOS = YES_AGGRESSIVE;
				GCC_WARN_UNUSED_FUNCTION = YES;
				GCC_WARN_UNUSED_VARIABLE = YES;
				IPHONEOS_DEPLOYMENT_TARGET = 11.1;
				MTL_ENABLE_DEBUG_INFO = YES;
				ONLY_ACTIVE_ARCH = YES;
				SDKROOT = iphoneos;
				SWIFT_ACTIVE_COMPILATION_CONDITIONS = DEBUG;
				SWIFT_OPTIMIZATION_LEVEL = "-Onone";
			};
			name = Debug;
		};
		D5D387D71FE34C2400C12C14 /* Release */ = {
			isa = XCBuildConfiguration;
			buildSettings = {
				ALWAYS_SEARCH_USER_PATHS = NO;
				CLANG_ANALYZER_NONNULL = YES;
				CLANG_ANALYZER_NUMBER_OBJECT_CONVERSION = YES_AGGRESSIVE;
				CLANG_CXX_LANGUAGE_STANDARD = "gnu++14";
				CLANG_CXX_LIBRARY = "libc++";
				CLANG_ENABLE_MODULES = YES;
				CLANG_ENABLE_OBJC_ARC = YES;
				CLANG_WARN_BLOCK_CAPTURE_AUTORELEASING = YES;
				CLANG_WARN_BOOL_CONVERSION = YES;
				CLANG_WARN_COMMA = YES;
				CLANG_WARN_CONSTANT_CONVERSION = YES;
				CLANG_WARN_DIRECT_OBJC_ISA_USAGE = YES_ERROR;
				CLANG_WARN_DOCUMENTATION_COMMENTS = YES;
				CLANG_WARN_EMPTY_BODY = YES;
				CLANG_WARN_ENUM_CONVERSION = YES;
				CLANG_WARN_INFINITE_RECURSION = YES;
				CLANG_WARN_INT_CONVERSION = YES;
				CLANG_WARN_NON_LITERAL_NULL_CONVERSION = YES;
				CLANG_WARN_OBJC_LITERAL_CONVERSION = YES;
				CLANG_WARN_OBJC_ROOT_CLASS = YES_ERROR;
				CLANG_WARN_RANGE_LOOP_ANALYSIS = YES;
				CLANG_WARN_STRICT_PROTOTYPES = YES;
				CLANG_WARN_SUSPICIOUS_MOVE = YES;
				CLANG_WARN_UNGUARDED_AVAILABILITY = YES_AGGRESSIVE;
				CLANG_WARN_UNREACHABLE_CODE = YES;
				CLANG_WARN__DUPLICATE_METHOD_MATCH = YES;
				CODE_SIGN_IDENTITY = "iPhone Developer";
				COPY_PHASE_STRIP = NO;
				DEBUG_INFORMATION_FORMAT = "dwarf-with-dsym";
				ENABLE_NS_ASSERTIONS = NO;
				ENABLE_STRICT_OBJC_MSGSEND = YES;
				GCC_C_LANGUAGE_STANDARD = gnu11;
				GCC_NO_COMMON_BLOCKS = YES;
				GCC_WARN_64_TO_32_BIT_CONVERSION = YES;
				GCC_WARN_ABOUT_RETURN_TYPE = YES_ERROR;
				GCC_WARN_UNDECLARED_SELECTOR = YES;
				GCC_WARN_UNINITIALIZED_AUTOS = YES_AGGRESSIVE;
				GCC_WARN_UNUSED_FUNCTION = YES;
				GCC_WARN_UNUSED_VARIABLE = YES;
				IPHONEOS_DEPLOYMENT_TARGET = 11.1;
				MTL_ENABLE_DEBUG_INFO = NO;
				SDKROOT = iphoneos;
				SWIFT_OPTIMIZATION_LEVEL = "-Owholemodule";
				VALIDATE_PRODUCT = YES;
			};
			name = Release;
		};
		D5D387D91FE34C2400C12C14 /* Debug */ = {
			isa = XCBuildConfiguration;
			buildSettings = {
				ASSETCATALOG_COMPILER_APPICON_NAME = AppIcon;
				CODE_SIGN_STYLE = Automatic;
				DEVELOPMENT_TEAM = SKGH3PPX4X;
				INFOPLIST_FILE = kitmission1/Info.plist;
				LD_RUNPATH_SEARCH_PATHS = "$(inherited) @executable_path/Frameworks";
				PRODUCT_BUNDLE_IDENTIFIER = com.yodaaa.kitmission1;
				PRODUCT_NAME = "$(TARGET_NAME)";
				SWIFT_VERSION = 4.0;
				TARGETED_DEVICE_FAMILY = "1,2";
			};
			name = Debug;
		};
		D5D387DA1FE34C2400C12C14 /* Release */ = {
			isa = XCBuildConfiguration;
			buildSettings = {
				ASSETCATALOG_COMPILER_APPICON_NAME = AppIcon;
				CODE_SIGN_STYLE = Automatic;
				DEVELOPMENT_TEAM = SKGH3PPX4X;
				INFOPLIST_FILE = kitmission1/Info.plist;
				LD_RUNPATH_SEARCH_PATHS = "$(inherited) @executable_path/Frameworks";
				PRODUCT_BUNDLE_IDENTIFIER = com.yodaaa.kitmission1;
				PRODUCT_NAME = "$(TARGET_NAME)";
				SWIFT_VERSION = 4.0;
				TARGETED_DEVICE_FAMILY = "1,2";
			};
			name = Release;
		};
		D5D387DC1FE34C2400C12C14 /* Debug */ = {
			isa = XCBuildConfiguration;
			buildSettings = {
				ALWAYS_EMBED_SWIFT_STANDARD_LIBRARIES = YES;
				BUNDLE_LOADER = "$(TEST_HOST)";
				CODE_SIGN_STYLE = Automatic;
				DEVELOPMENT_TEAM = SKGH3PPX4X;
				INFOPLIST_FILE = kitmission1Tests/Info.plist;
				LD_RUNPATH_SEARCH_PATHS = "$(inherited) @executable_path/Frameworks @loader_path/Frameworks";
				PRODUCT_BUNDLE_IDENTIFIER = com.yodaaa.kitmission1Tests;
				PRODUCT_NAME = "$(TARGET_NAME)";
				SWIFT_VERSION = 4.0;
				TARGETED_DEVICE_FAMILY = "1,2";
				TEST_HOST = "$(BUILT_PRODUCTS_DIR)/kitmission1.app/kitmission1";
			};
			name = Debug;
		};
		D5D387DD1FE34C2400C12C14 /* Release */ = {
			isa = XCBuildConfiguration;
			buildSettings = {
				ALWAYS_EMBED_SWIFT_STANDARD_LIBRARIES = YES;
				BUNDLE_LOADER = "$(TEST_HOST)";
				CODE_SIGN_STYLE = Automatic;
				DEVELOPMENT_TEAM = SKGH3PPX4X;
				INFOPLIST_FILE = kitmission1Tests/Info.plist;
				LD_RUNPATH_SEARCH_PATHS = "$(inherited) @executable_path/Frameworks @loader_path/Frameworks";
				PRODUCT_BUNDLE_IDENTIFIER = com.yodaaa.kitmission1Tests;
				PRODUCT_NAME = "$(TARGET_NAME)";
				SWIFT_VERSION = 4.0;
				TARGETED_DEVICE_FAMILY = "1,2";
				TEST_HOST = "$(BUILT_PRODUCTS_DIR)/kitmission1.app/kitmission1";
			};
			name = Release;
		};
		D5D387DF1FE34C2400C12C14 /* Debug */ = {
			isa = XCBuildConfiguration;
			buildSettings = {
				ALWAYS_EMBED_SWIFT_STANDARD_LIBRARIES = YES;
				CODE_SIGN_STYLE = Automatic;
				DEVELOPMENT_TEAM = SKGH3PPX4X;
				INFOPLIST_FILE = kitmission1UITests/Info.plist;
				LD_RUNPATH_SEARCH_PATHS = "$(inherited) @executable_path/Frameworks @loader_path/Frameworks";
				PRODUCT_BUNDLE_IDENTIFIER = com.yodaaa.kitmission1UITests;
				PRODUCT_NAME = "$(TARGET_NAME)";
				SWIFT_VERSION = 4.0;
				TARGETED_DEVICE_FAMILY = "1,2";
				TEST_TARGET_NAME = kitmission1;
			};
			name = Debug;
		};
		D5D387E01FE34C2400C12C14 /* Release */ = {
			isa = XCBuildConfiguration;
			buildSettings = {
				ALWAYS_EMBED_SWIFT_STANDARD_LIBRARIES = YES;
				CODE_SIGN_STYLE = Automatic;
				DEVELOPMENT_TEAM = SKGH3PPX4X;
				INFOPLIST_FILE = kitmission1UITests/Info.plist;
				LD_RUNPATH_SEARCH_PATHS = "$(inherited) @executable_path/Frameworks @loader_path/Frameworks";
				PRODUCT_BUNDLE_IDENTIFIER = com.yodaaa.kitmission1UITests;
				PRODUCT_NAME = "$(TARGET_NAME)";
				SWIFT_VERSION = 4.0;
				TARGETED_DEVICE_FAMILY = "1,2";
				TEST_TARGET_NAME = kitmission1;
			};
			name = Release;
		};
/* End XCBuildConfiguration section */

/* Begin XCConfigurationList section */
		D5D387AB1FE34C2400C12C14 /* Build configuration list for PBXProject "kitmission1" */ = {
			isa = XCConfigurationList;
			buildConfigurations = (
				D5D387D61FE34C2400C12C14 /* Debug */,
				D5D387D71FE34C2400C12C14 /* Release */,
			);
			defaultConfigurationIsVisible = 0;
			defaultConfigurationName = Release;
		};
		D5D387D81FE34C2400C12C14 /* Build configuration list for PBXNativeTarget "kitmission1" */ = {
			isa = XCConfigurationList;
			buildConfigurations = (
				D5D387D91FE34C2400C12C14 /* Debug */,
				D5D387DA1FE34C2400C12C14 /* Release */,
			);
			defaultConfigurationIsVisible = 0;
			defaultConfigurationName = Release;
		};
		D5D387DB1FE34C2400C12C14 /* Build configuration list for PBXNativeTarget "kitmission1Tests" */ = {
			isa = XCConfigurationList;
			buildConfigurations = (
				D5D387DC1FE34C2400C12C14 /* Debug */,
				D5D387DD1FE34C2400C12C14 /* Release */,
			);
			defaultConfigurationIsVisible = 0;
			defaultConfigurationName = Release;
		};
		D5D387DE1FE34C2400C12C14 /* Build configuration list for PBXNativeTarget "kitmission1UITests" */ = {
			isa = XCConfigurationList;
			buildConfigurations = (
				D5D387DF1FE34C2400C12C14 /* Debug */,
				D5D387E01FE34C2400C12C14 /* Release */,
			);
			defaultConfigurationIsVisible = 0;
			defaultConfigurationName = Release;
		};
/* End XCConfigurationList section */
	};
	rootObject = D5D387A81FE34C2400C12C14 /* Project object */;
}
